
Microsoft Visual Studio Solution File, Format Version 12.00
# Visual Studio 15
Project("{FAE04EC0-301F-11D3-BF4B-00C04F79EFBC}") = "day-01-arrays", "day-01-arrays\day-01-arrays.csproj", "{FA2D3BE0-0C27-4C90-92F9-978FED643B7D}"
EndProject
Global
	GlobalSection(SolutionConfigurationPlatforms) = preSolution
		Debug|Any CPU = Debug|Any CPU
		Release|Any CPU = Release|Any CPU
	EndGlobalSection
	GlobalSection(ProjectConfigurationPlatforms) = postSolution
		{FA2D3BE0-0C27-4C90-92F9-978FED643B7D}.Debug|Any CPU.ActiveCfg = Debug|Any CPU
		{FA2D3BE0-0C27-4C90-92F9-978FED643B7D}.Debug|Any CPU.Build.0 = Debug|Any CPU
		{FA2D3BE0-0C27-4C90-92F9-978FED643B7D}.Release|Any CPU.ActiveCfg = Release|Any CPU
		{FA2D3BE0-0C27-4C90-92F9-978FED643B7D}.Release|Any CPU.Build.0 = Release|Any CPU
	EndGlobalSection
EndGlobal
