
Microsoft Visual Studio Solution File, Format Version 12.00
# Visual Studio 15
Project("{FAE04EC0-301F-11D3-BF4B-00C04F79EFBC}") = "day-05", "day-05\day-05.csproj", "{408CA8D1-083A-45D1-B454-BA1B4C120915}"
EndProject
Global
	GlobalSection(SolutionConfigurationPlatforms) = preSolution
		Debug|Any CPU = Debug|Any CPU
		Release|Any CPU = Release|Any CPU
	EndGlobalSection
	GlobalSection(ProjectConfigurationPlatforms) = postSolution
		{408CA8D1-083A-45D1-B454-BA1B4C120915}.Debug|Any CPU.ActiveCfg = Debug|Any CPU
		{408CA8D1-083A-45D1-B454-BA1B4C120915}.Debug|Any CPU.Build.0 = Debug|Any CPU
		{408CA8D1-083A-45D1-B454-BA1B4C120915}.Release|Any CPU.ActiveCfg = Release|Any CPU
		{408CA8D1-083A-45D1-B454-BA1B4C120915}.Release|Any CPU.Build.0 = Release|Any CPU
	EndGlobalSection
EndGlobal
