
Microsoft Visual Studio Solution File, Format Version 12.00
# Visual Studio 15
Project("{FAE04EC0-301F-11D3-BF4B-00C04F79EFBC}") = "StringedInstruments", "StringedInstruments\StringedInstruments.csproj", "{52D1CE03-C54D-4004-86C7-8651EA6FD179}"
EndProject
Global
	GlobalSection(SolutionConfigurationPlatforms) = preSolution
		Debug|Any CPU = Debug|Any CPU
		Release|Any CPU = Release|Any CPU
	EndGlobalSection
	GlobalSection(ProjectConfigurationPlatforms) = postSolution
		{52D1CE03-C54D-4004-86C7-8651EA6FD179}.Debug|Any CPU.ActiveCfg = Debug|Any CPU
		{52D1CE03-C54D-4004-86C7-8651EA6FD179}.Debug|Any CPU.Build.0 = Debug|Any CPU
		{52D1CE03-C54D-4004-86C7-8651EA6FD179}.Release|Any CPU.ActiveCfg = Release|Any CPU
		{52D1CE03-C54D-4004-86C7-8651EA6FD179}.Release|Any CPU.Build.0 = Release|Any CPU
	EndGlobalSection
EndGlobal
